// !$*UTF8*$!
{
	archiveVersion = 1;
	classes = {
	};
	objectVersion = 55;
	objects = {

/* Begin PBXBuildFile section */
		0287F05A0F4AF058C15F3A03 /* Pods_ReadiCloudStorage_ReadiCloudStorageUITests.framework in Frameworks */ = {isa = PBXBuildFile; fileRef = AB91C6008F40C3999C4D7985 /* Pods_ReadiCloudStorage_ReadiCloudStorageUITests.framework */; };
		03A8DD389223963E7EF8E2FC /* Pods_ReadiCloudStorageTests.framework in Frameworks */ = {isa = PBXBuildFile; fileRef = DABEC1D7F8A28EB7C5F4228E /* Pods_ReadiCloudStorageTests.framework */; };
		05929EB928B4C7AC00DF5750 /* StringExtensions.swift in Sources */ = {isa = PBXBuildFile; fileRef = 05929EB828B4C7AC00DF5750 /* StringExtensions.swift */; };
		05D96E5428B4F64A00EF2DE9 /* FileManagerExtensions.swift in Sources */ = {isa = PBXBuildFile; fileRef = 05D96E5328B4F64A00EF2DE9 /* FileManagerExtensions.swift */; };
		604FDCA82837C10A0009386D /* AppDelegate.swift in Sources */ = {isa = PBXBuildFile; fileRef = 604FDCA72837C10A0009386D /* AppDelegate.swift */; };
		604FDCAA2837C10A0009386D /* SceneDelegate.swift in Sources */ = {isa = PBXBuildFile; fileRef = 604FDCA92837C10A0009386D /* SceneDelegate.swift */; };
		604FDCAC2837C10A0009386D /* AthletesiCloudViewController.swift in Sources */ = {isa = PBXBuildFile; fileRef = 604FDCAB2837C10A0009386D /* AthletesiCloudViewController.swift */; };
		604FDCAF2837C10A0009386D /* Main.storyboard in Resources */ = {isa = PBXBuildFile; fileRef = 604FDCAD2837C10A0009386D /* Main.storyboard */; };
		604FDCB12837C10E0009386D /* Assets.xcassets in Resources */ = {isa = PBXBuildFile; fileRef = 604FDCB02837C10E0009386D /* Assets.xcassets */; };
		604FDCB42837C10E0009386D /* LaunchScreen.storyboard in Resources */ = {isa = PBXBuildFile; fileRef = 604FDCB22837C10E0009386D /* LaunchScreen.storyboard */; };
		604FDCBF2837C10E0009386D /* ReadiCloudStorageTests.swift in Sources */ = {isa = PBXBuildFile; fileRef = 604FDCBE2837C10E0009386D /* ReadiCloudStorageTests.swift */; };
		604FDCC92837C10E0009386D /* ReadiCloudStorageUITests.swift in Sources */ = {isa = PBXBuildFile; fileRef = 604FDCC82837C10E0009386D /* ReadiCloudStorageUITests.swift */; };
		604FDCCB2837C10F0009386D /* ReadiCloudStorageUITestsLaunchTests.swift in Sources */ = {isa = PBXBuildFile; fileRef = 604FDCCA2837C10F0009386D /* ReadiCloudStorageUITestsLaunchTests.swift */; };
		604FDCD9283892600009386D /* CloudDataManager.swift in Sources */ = {isa = PBXBuildFile; fileRef = 604FDCD8283892600009386D /* CloudDataManager.swift */; };
		604FDCDB283893FE0009386D /* AttachmentsGoogleDriveViewController.swift in Sources */ = {isa = PBXBuildFile; fileRef = 604FDCDA283893FE0009386D /* AttachmentsGoogleDriveViewController.swift */; };
		604FDCDE283896780009386D /* PersonCVCell.swift in Sources */ = {isa = PBXBuildFile; fileRef = 604FDCDC283896780009386D /* PersonCVCell.swift */; };
		604FDCDF283896780009386D /* PersonCVCell.xib in Resources */ = {isa = PBXBuildFile; fileRef = 604FDCDD283896780009386D /* PersonCVCell.xib */; };
		604FDCE3283896A80009386D /* AttachmentCVCell.swift in Sources */ = {isa = PBXBuildFile; fileRef = 604FDCE1283896A80009386D /* AttachmentCVCell.swift */; };
		604FDCE4283896A80009386D /* AttachmentCVCell.xib in Resources */ = {isa = PBXBuildFile; fileRef = 604FDCE2283896A80009386D /* AttachmentCVCell.xib */; };
		604FDCED2838A4350009386D /* CloudKit.framework in Frameworks */ = {isa = PBXBuildFile; fileRef = 604FDCEC2838A4350009386D /* CloudKit.framework */; };
		60E9176728392BB0004B9C41 /* AttachmentsiCloudViewController.swift in Sources */ = {isa = PBXBuildFile; fileRef = 60E9176528392BB0004B9C41 /* AttachmentsiCloudViewController.swift */; };
		60E9176828392BB0004B9C41 /* AthletesGoogleDriveViewController.swift in Sources */ = {isa = PBXBuildFile; fileRef = 60E9176628392BB0004B9C41 /* AthletesGoogleDriveViewController.swift */; };
		60E9176A28393A58004B9C41 /* AlertProvider.swift in Sources */ = {isa = PBXBuildFile; fileRef = 60E9176928393A58004B9C41 /* AlertProvider.swift */; };
		60E9176C28395F73004B9C41 /* client_439461828423-pq7lpqi1esuk8oj6aa8l2uf5mghcf9td.apps.googleusercontent.com.plist in Resources */ = {isa = PBXBuildFile; fileRef = 60E9176B28395F73004B9C41 /* client_439461828423-pq7lpqi1esuk8oj6aa8l2uf5mghcf9td.apps.googleusercontent.com.plist */; };
		60E9176F2839D2AD004B9C41 /* AthletesFirebaseViewController.swift in Sources */ = {isa = PBXBuildFile; fileRef = 60E9176E2839D2AD004B9C41 /* AthletesFirebaseViewController.swift */; };
		60E917702839D2AD004B9C41 /* AttachmentsFirebaseViewController.swift in Sources */ = {isa = PBXBuildFile; fileRef = 60E9176D2839D2AC004B9C41 /* AttachmentsFirebaseViewController.swift */; };
		60E917872839D7F6004B9C41 /* GoogleService-Info.plist in Resources */ = {isa = PBXBuildFile; fileRef = 60E917862839D7F6004B9C41 /* GoogleService-Info.plist */; };
		60E917882839D852004B9C41 /* FirebaseService.swift in Sources */ = {isa = PBXBuildFile; fileRef = 60E917782839D4FA004B9C41 /* FirebaseService.swift */; };
		60E917892839D856004B9C41 /* PushNotificationSender.swift in Sources */ = {isa = PBXBuildFile; fileRef = 60E917762839D4FA004B9C41 /* PushNotificationSender.swift */; };
		60E9178B2839DC72004B9C41 /* Handlers.swift in Sources */ = {isa = PBXBuildFile; fileRef = 60E9178A2839DC72004B9C41 /* Handlers.swift */; };
		60E9178D2839DCAE004B9C41 /* Constant.swift in Sources */ = {isa = PBXBuildFile; fileRef = 60E9178C2839DCAE004B9C41 /* Constant.swift */; };
		60E9179C2839DFFB004B9C41 /* Conversation.swift in Sources */ = {isa = PBXBuildFile; fileRef = 60E9177A2839D4FA004B9C41 /* Conversation.swift */; };
		60E9179D2839E026004B9C41 /* PushNotificationsAPI.swift in Sources */ = {isa = PBXBuildFile; fileRef = 60E917972839DF05004B9C41 /* PushNotificationsAPI.swift */; };
		60E9179E2839E026004B9C41 /* Reachability.swift in Sources */ = {isa = PBXBuildFile; fileRef = 60E9179A2839DF05004B9C41 /* Reachability.swift */; };
		60E9179F2839E026004B9C41 /* APIClient.swift in Sources */ = {isa = PBXBuildFile; fileRef = 60E917902839DF05004B9C41 /* APIClient.swift */; };
		60E917A32839E026004B9C41 /* ErrorResponse.swift in Sources */ = {isa = PBXBuildFile; fileRef = 60E917942839DF05004B9C41 /* ErrorResponse.swift */; };
		60E917A42839E026004B9C41 /* APIService.swift in Sources */ = {isa = PBXBuildFile; fileRef = 60E917982839DF05004B9C41 /* APIService.swift */; };
		60E917A52839E026004B9C41 /* NetworkActivityIndicatorManager.swift in Sources */ = {isa = PBXBuildFile; fileRef = 60E917992839DF05004B9C41 /* NetworkActivityIndicatorManager.swift */; };
		60E917A62839E026004B9C41 /* DataRequest.swift in Sources */ = {isa = PBXBuildFile; fileRef = 60E9179B2839DF05004B9C41 /* DataRequest.swift */; };
		60E917A82839E158004B9C41 /* AppUserDefault.swift in Sources */ = {isa = PBXBuildFile; fileRef = 60E917A72839E158004B9C41 /* AppUserDefault.swift */; };
		60E917AA2839E1B3004B9C41 /* ChatMessageResponse.swift in Sources */ = {isa = PBXBuildFile; fileRef = 60E917A92839E1B3004B9C41 /* ChatMessageResponse.swift */; };
		94AF49946C6CA46D85B977F0 /* Pods_ReadiCloudStorage.framework in Frameworks */ = {isa = PBXBuildFile; fileRef = D45DD60C42192C352C0BE09E /* Pods_ReadiCloudStorage.framework */; };
/* End PBXBuildFile section */

/* Begin PBXContainerItemProxy section */
		604FDCBB2837C10E0009386D /* PBXContainerItemProxy */ = {
			isa = PBXContainerItemProxy;
			containerPortal = 604FDC9C2837C10A0009386D /* Project object */;
			proxyType = 1;
			remoteGlobalIDString = 604FDCA32837C10A0009386D;
			remoteInfo = ReadiCloudStorage;
		};
		604FDCC52837C10E0009386D /* PBXContainerItemProxy */ = {
			isa = PBXContainerItemProxy;
			containerPortal = 604FDC9C2837C10A0009386D /* Project object */;
			proxyType = 1;
			remoteGlobalIDString = 604FDCA32837C10A0009386D;
			remoteInfo = ReadiCloudStorage;
		};
/* End PBXContainerItemProxy section */

/* Begin PBXFileReference section */
		05929EB828B4C7AC00DF5750 /* StringExtensions.swift */ = {isa = PBXFileReference; lastKnownFileType = sourcecode.swift; path = StringExtensions.swift; sourceTree = "<group>"; };
		05D96E5328B4F64A00EF2DE9 /* FileManagerExtensions.swift */ = {isa = PBXFileReference; lastKnownFileType = sourcecode.swift; path = FileManagerExtensions.swift; sourceTree = "<group>"; };
		0A1EE331AECDD72CDA3D231B /* Pods-ReadiCloudStorage.debug.xcconfig */ = {isa = PBXFileReference; includeInIndex = 1; lastKnownFileType = text.xcconfig; name = "Pods-ReadiCloudStorage.debug.xcconfig"; path = "Target Support Files/Pods-ReadiCloudStorage/Pods-ReadiCloudStorage.debug.xcconfig"; sourceTree = "<group>"; };
		319326B74EB7EAF30916409C /* Pods-ReadiCloudStorageTests.debug.xcconfig */ = {isa = PBXFileReference; includeInIndex = 1; lastKnownFileType = text.xcconfig; name = "Pods-ReadiCloudStorageTests.debug.xcconfig"; path = "Target Support Files/Pods-ReadiCloudStorageTests/Pods-ReadiCloudStorageTests.debug.xcconfig"; sourceTree = "<group>"; };
		531A3C7A2F9FCE1B08B6B627 /* Pods-ReadiCloudStorage-ReadiCloudStorageUITests.release.xcconfig */ = {isa = PBXFileReference; includeInIndex = 1; lastKnownFileType = text.xcconfig; name = "Pods-ReadiCloudStorage-ReadiCloudStorageUITests.release.xcconfig"; path = "Target Support Files/Pods-ReadiCloudStorage-ReadiCloudStorageUITests/Pods-ReadiCloudStorage-ReadiCloudStorageUITests.release.xcconfig"; sourceTree = "<group>"; };
		604FDCA42837C10A0009386D /* ReadiCloudStorage.app */ = {isa = PBXFileReference; explicitFileType = wrapper.application; includeInIndex = 0; path = ReadiCloudStorage.app; sourceTree = BUILT_PRODUCTS_DIR; };
		604FDCA72837C10A0009386D /* AppDelegate.swift */ = {isa = PBXFileReference; lastKnownFileType = sourcecode.swift; path = AppDelegate.swift; sourceTree = "<group>"; };
		604FDCA92837C10A0009386D /* SceneDelegate.swift */ = {isa = PBXFileReference; lastKnownFileType = sourcecode.swift; path = SceneDelegate.swift; sourceTree = "<group>"; };
		604FDCAB2837C10A0009386D /* AthletesiCloudViewController.swift */ = {isa = PBXFileReference; lastKnownFileType = sourcecode.swift; path = AthletesiCloudViewController.swift; sourceTree = "<group>"; };
		604FDCAE2837C10A0009386D /* Base */ = {isa = PBXFileReference; lastKnownFileType = file.storyboard; name = Base; path = Base.lproj/Main.storyboard; sourceTree = "<group>"; };
		604FDCB02837C10E0009386D /* Assets.xcassets */ = {isa = PBXFileReference; lastKnownFileType = folder.assetcatalog; path = Assets.xcassets; sourceTree = "<group>"; };
		604FDCB32837C10E0009386D /* Base */ = {isa = PBXFileReference; lastKnownFileType = file.storyboard; name = Base; path = Base.lproj/LaunchScreen.storyboard; sourceTree = "<group>"; };
		604FDCB52837C10E0009386D /* Info.plist */ = {isa = PBXFileReference; lastKnownFileType = text.plist.xml; path = Info.plist; sourceTree = "<group>"; };
		604FDCBA2837C10E0009386D /* ReadiCloudStorageTests.xctest */ = {isa = PBXFileReference; explicitFileType = wrapper.cfbundle; includeInIndex = 0; path = ReadiCloudStorageTests.xctest; sourceTree = BUILT_PRODUCTS_DIR; };
		604FDCBE2837C10E0009386D /* ReadiCloudStorageTests.swift */ = {isa = PBXFileReference; lastKnownFileType = sourcecode.swift; path = ReadiCloudStorageTests.swift; sourceTree = "<group>"; };
		604FDCC42837C10E0009386D /* ReadiCloudStorageUITests.xctest */ = {isa = PBXFileReference; explicitFileType = wrapper.cfbundle; includeInIndex = 0; path = ReadiCloudStorageUITests.xctest; sourceTree = BUILT_PRODUCTS_DIR; };
		604FDCC82837C10E0009386D /* ReadiCloudStorageUITests.swift */ = {isa = PBXFileReference; lastKnownFileType = sourcecode.swift; path = ReadiCloudStorageUITests.swift; sourceTree = "<group>"; };
		604FDCCA2837C10F0009386D /* ReadiCloudStorageUITestsLaunchTests.swift */ = {isa = PBXFileReference; lastKnownFileType = sourcecode.swift; path = ReadiCloudStorageUITestsLaunchTests.swift; sourceTree = "<group>"; };
		604FDCD8283892600009386D /* CloudDataManager.swift */ = {isa = PBXFileReference; lastKnownFileType = sourcecode.swift; path = CloudDataManager.swift; sourceTree = "<group>"; };
		604FDCDA283893FE0009386D /* AttachmentsGoogleDriveViewController.swift */ = {isa = PBXFileReference; lastKnownFileType = sourcecode.swift; path = AttachmentsGoogleDriveViewController.swift; sourceTree = "<group>"; };
		604FDCDC283896780009386D /* PersonCVCell.swift */ = {isa = PBXFileReference; lastKnownFileType = sourcecode.swift; path = PersonCVCell.swift; sourceTree = "<group>"; };
		604FDCDD283896780009386D /* PersonCVCell.xib */ = {isa = PBXFileReference; lastKnownFileType = file.xib; path = PersonCVCell.xib; sourceTree = "<group>"; };
		604FDCE1283896A80009386D /* AttachmentCVCell.swift */ = {isa = PBXFileReference; lastKnownFileType = sourcecode.swift; path = AttachmentCVCell.swift; sourceTree = "<group>"; };
		604FDCE2283896A80009386D /* AttachmentCVCell.xib */ = {isa = PBXFileReference; lastKnownFileType = file.xib; path = AttachmentCVCell.xib; sourceTree = "<group>"; };
		604FDCEC2838A4350009386D /* CloudKit.framework */ = {isa = PBXFileReference; lastKnownFileType = wrapper.framework; name = CloudKit.framework; path = System/Library/Frameworks/CloudKit.framework; sourceTree = SDKROOT; };
		604FDCF02838BED80009386D /* ReadiCloudStorage.entitlements */ = {isa = PBXFileReference; fileEncoding = 4; lastKnownFileType = text.plist.entitlements; path = ReadiCloudStorage.entitlements; sourceTree = "<group>"; };
		60E917642839290A004B9C41 /* ReadiCloudStorage-Bridging-Header.h */ = {isa = PBXFileReference; lastKnownFileType = sourcecode.c.h; path = "ReadiCloudStorage-Bridging-Header.h"; sourceTree = "<group>"; };
		60E9176528392BB0004B9C41 /* AttachmentsiCloudViewController.swift */ = {isa = PBXFileReference; lastKnownFileType = sourcecode.swift; path = AttachmentsiCloudViewController.swift; sourceTree = "<group>"; };
		60E9176628392BB0004B9C41 /* AthletesGoogleDriveViewController.swift */ = {isa = PBXFileReference; lastKnownFileType = sourcecode.swift; path = AthletesGoogleDriveViewController.swift; sourceTree = "<group>"; };
		60E9176928393A58004B9C41 /* AlertProvider.swift */ = {isa = PBXFileReference; lastKnownFileType = sourcecode.swift; path = AlertProvider.swift; sourceTree = "<group>"; };
		60E9176B28395F73004B9C41 /* client_439461828423-pq7lpqi1esuk8oj6aa8l2uf5mghcf9td.apps.googleusercontent.com.plist */ = {isa = PBXFileReference; fileEncoding = 4; lastKnownFileType = text.plist.xml; path = "client_439461828423-pq7lpqi1esuk8oj6aa8l2uf5mghcf9td.apps.googleusercontent.com.plist"; sourceTree = "<group>"; };
		60E9176D2839D2AC004B9C41 /* AttachmentsFirebaseViewController.swift */ = {isa = PBXFileReference; lastKnownFileType = sourcecode.swift; path = AttachmentsFirebaseViewController.swift; sourceTree = "<group>"; };
		60E9176E2839D2AD004B9C41 /* AthletesFirebaseViewController.swift */ = {isa = PBXFileReference; lastKnownFileType = sourcecode.swift; path = AthletesFirebaseViewController.swift; sourceTree = "<group>"; };
		60E917762839D4FA004B9C41 /* PushNotificationSender.swift */ = {isa = PBXFileReference; lastKnownFileType = sourcecode.swift; path = PushNotificationSender.swift; sourceTree = "<group>"; };
		60E917782839D4FA004B9C41 /* FirebaseService.swift */ = {isa = PBXFileReference; lastKnownFileType = sourcecode.swift; path = FirebaseService.swift; sourceTree = "<group>"; };
		60E9177A2839D4FA004B9C41 /* Conversation.swift */ = {isa = PBXFileReference; lastKnownFileType = sourcecode.swift; path = Conversation.swift; sourceTree = "<group>"; };
		60E917862839D7F6004B9C41 /* GoogleService-Info.plist */ = {isa = PBXFileReference; fileEncoding = 4; lastKnownFileType = text.plist.xml; path = "GoogleService-Info.plist"; sourceTree = "<group>"; };
		60E9178A2839DC72004B9C41 /* Handlers.swift */ = {isa = PBXFileReference; lastKnownFileType = sourcecode.swift; path = Handlers.swift; sourceTree = "<group>"; };
		60E9178C2839DCAE004B9C41 /* Constant.swift */ = {isa = PBXFileReference; lastKnownFileType = sourcecode.swift; path = Constant.swift; sourceTree = "<group>"; };
		60E917902839DF05004B9C41 /* APIClient.swift */ = {isa = PBXFileReference; lastKnownFileType = sourcecode.swift; path = APIClient.swift; sourceTree = "<group>"; };
		60E917942839DF05004B9C41 /* ErrorResponse.swift */ = {isa = PBXFileReference; lastKnownFileType = sourcecode.swift; path = ErrorResponse.swift; sourceTree = "<group>"; };
		60E917972839DF05004B9C41 /* PushNotificationsAPI.swift */ = {isa = PBXFileReference; lastKnownFileType = sourcecode.swift; path = PushNotificationsAPI.swift; sourceTree = "<group>"; };
		60E917982839DF05004B9C41 /* APIService.swift */ = {isa = PBXFileReference; lastKnownFileType = sourcecode.swift; path = APIService.swift; sourceTree = "<group>"; };
		60E917992839DF05004B9C41 /* NetworkActivityIndicatorManager.swift */ = {isa = PBXFileReference; lastKnownFileType = sourcecode.swift; path = NetworkActivityIndicatorManager.swift; sourceTree = "<group>"; };
		60E9179A2839DF05004B9C41 /* Reachability.swift */ = {isa = PBXFileReference; lastKnownFileType = sourcecode.swift; path = Reachability.swift; sourceTree = "<group>"; };
		60E9179B2839DF05004B9C41 /* DataRequest.swift */ = {isa = PBXFileReference; lastKnownFileType = sourcecode.swift; path = DataRequest.swift; sourceTree = "<group>"; };
		60E917A72839E158004B9C41 /* AppUserDefault.swift */ = {isa = PBXFileReference; lastKnownFileType = sourcecode.swift; path = AppUserDefault.swift; sourceTree = "<group>"; };
		60E917A92839E1B3004B9C41 /* ChatMessageResponse.swift */ = {isa = PBXFileReference; fileEncoding = 4; lastKnownFileType = sourcecode.swift; path = ChatMessageResponse.swift; sourceTree = "<group>"; };
		A8F78EDEFBD02A1033EF9A2E /* Pods-ReadiCloudStorage-ReadiCloudStorageUITests.debug.xcconfig */ = {isa = PBXFileReference; includeInIndex = 1; lastKnownFileType = text.xcconfig; name = "Pods-ReadiCloudStorage-ReadiCloudStorageUITests.debug.xcconfig"; path = "Target Support Files/Pods-ReadiCloudStorage-ReadiCloudStorageUITests/Pods-ReadiCloudStorage-ReadiCloudStorageUITests.debug.xcconfig"; sourceTree = "<group>"; };
		AB91C6008F40C3999C4D7985 /* Pods_ReadiCloudStorage_ReadiCloudStorageUITests.framework */ = {isa = PBXFileReference; explicitFileType = wrapper.framework; includeInIndex = 0; path = Pods_ReadiCloudStorage_ReadiCloudStorageUITests.framework; sourceTree = BUILT_PRODUCTS_DIR; };
		BABBF7A5D0DC2E28A75B108C /* Pods-ReadiCloudStorage.release.xcconfig */ = {isa = PBXFileReference; includeInIndex = 1; lastKnownFileType = text.xcconfig; name = "Pods-ReadiCloudStorage.release.xcconfig"; path = "Target Support Files/Pods-ReadiCloudStorage/Pods-ReadiCloudStorage.release.xcconfig"; sourceTree = "<group>"; };
		D45DD60C42192C352C0BE09E /* Pods_ReadiCloudStorage.framework */ = {isa = PBXFileReference; explicitFileType = wrapper.framework; includeInIndex = 0; path = Pods_ReadiCloudStorage.framework; sourceTree = BUILT_PRODUCTS_DIR; };
		DABEC1D7F8A28EB7C5F4228E /* Pods_ReadiCloudStorageTests.framework */ = {isa = PBXFileReference; explicitFileType = wrapper.framework; includeInIndex = 0; path = Pods_ReadiCloudStorageTests.framework; sourceTree = BUILT_PRODUCTS_DIR; };
		FDA316AF8EA8A90A0A944DBC /* Pods-ReadiCloudStorageTests.release.xcconfig */ = {isa = PBXFileReference; includeInIndex = 1; lastKnownFileType = text.xcconfig; name = "Pods-ReadiCloudStorageTests.release.xcconfig"; path = "Target Support Files/Pods-ReadiCloudStorageTests/Pods-ReadiCloudStorageTests.release.xcconfig"; sourceTree = "<group>"; };
/* End PBXFileReference section */

/* Begin PBXFrameworksBuildPhase section */
		604FDCA12837C10A0009386D /* Frameworks */ = {
			isa = PBXFrameworksBuildPhase;
			buildActionMask = 2147483647;
			files = (
				94AF49946C6CA46D85B977F0 /* Pods_ReadiCloudStorage.framework in Frameworks */,
				604FDCED2838A4350009386D /* CloudKit.framework in Frameworks */,
			);
			runOnlyForDeploymentPostprocessing = 0;
		};
		604FDCB72837C10E0009386D /* Frameworks */ = {
			isa = PBXFrameworksBuildPhase;
			buildActionMask = 2147483647;
			files = (
				03A8DD389223963E7EF8E2FC /* Pods_ReadiCloudStorageTests.framework in Frameworks */,
			);
			runOnlyForDeploymentPostprocessing = 0;
		};
		604FDCC12837C10E0009386D /* Frameworks */ = {
			isa = PBXFrameworksBuildPhase;
			buildActionMask = 2147483647;
			files = (
				0287F05A0F4AF058C15F3A03 /* Pods_ReadiCloudStorage_ReadiCloudStorageUITests.framework in Frameworks */,
			);
			runOnlyForDeploymentPostprocessing = 0;
		};
/* End PBXFrameworksBuildPhase section */

/* Begin PBXGroup section */
		05929EB728B4C79300DF5750 /* Extensions */ = {
			isa = PBXGroup;
			children = (
				05929EB828B4C7AC00DF5750 /* StringExtensions.swift */,
				05D96E5328B4F64A00EF2DE9 /* FileManagerExtensions.swift */,
			);
			path = Extensions;
			sourceTree = "<group>";
		};
		604FDC9B2837C10A0009386D = {
			isa = PBXGroup;
			children = (
				604FDCA62837C10A0009386D /* ReadiCloudStorage */,
				604FDCBD2837C10E0009386D /* ReadiCloudStorageTests */,
				604FDCC72837C10E0009386D /* ReadiCloudStorageUITests */,
				604FDCA52837C10A0009386D /* Products */,
				CC2EDB0F6200D5293BA17962 /* Pods */,
				99C56C1666D270AB9C6A3C00 /* Frameworks */,
			);
			sourceTree = "<group>";
		};
		604FDCA52837C10A0009386D /* Products */ = {
			isa = PBXGroup;
			children = (
				604FDCA42837C10A0009386D /* ReadiCloudStorage.app */,
				604FDCBA2837C10E0009386D /* ReadiCloudStorageTests.xctest */,
				604FDCC42837C10E0009386D /* ReadiCloudStorageUITests.xctest */,
			);
			name = Products;
			sourceTree = "<group>";
		};
		604FDCA62837C10A0009386D /* ReadiCloudStorage */ = {
			isa = PBXGroup;
			children = (
				05929EB728B4C79300DF5750 /* Extensions */,
				604FDCE7283898E00009386D /* LaunchScreen */,
				604FDCE8283898ED0009386D /* AppDelegate */,
				604FDCE5283898A80009386D /* Views */,
				604FDCE9283898FD0009386D /* Managers */,
				60E9178E2839DF05004B9C41 /* Networking */,
				60E917712839D4FA004B9C41 /* FirebaseServices */,
				604FDCB02837C10E0009386D /* Assets.xcassets */,
				604FDCB52837C10E0009386D /* Info.plist */,
				604FDCF02838BED80009386D /* ReadiCloudStorage.entitlements */,
				60E917642839290A004B9C41 /* ReadiCloudStorage-Bridging-Header.h */,
				60E917862839D7F6004B9C41 /* GoogleService-Info.plist */,
				60E9176B28395F73004B9C41 /* client_439461828423-pq7lpqi1esuk8oj6aa8l2uf5mghcf9td.apps.googleusercontent.com.plist */,
			);
			path = ReadiCloudStorage;
			sourceTree = "<group>";
		};
		604FDCBD2837C10E0009386D /* ReadiCloudStorageTests */ = {
			isa = PBXGroup;
			children = (
				604FDCBE2837C10E0009386D /* ReadiCloudStorageTests.swift */,
			);
			path = ReadiCloudStorageTests;
			sourceTree = "<group>";
		};
		604FDCC72837C10E0009386D /* ReadiCloudStorageUITests */ = {
			isa = PBXGroup;
			children = (
				604FDCC82837C10E0009386D /* ReadiCloudStorageUITests.swift */,
				604FDCCA2837C10F0009386D /* ReadiCloudStorageUITestsLaunchTests.swift */,
			);
			path = ReadiCloudStorageUITests;
			sourceTree = "<group>";
		};
		604FDCE0283896800009386D /* Cells */ = {
			isa = PBXGroup;
			children = (
				604FDCDC283896780009386D /* PersonCVCell.swift */,
				604FDCDD283896780009386D /* PersonCVCell.xib */,
				604FDCE1283896A80009386D /* AttachmentCVCell.swift */,
				604FDCE2283896A80009386D /* AttachmentCVCell.xib */,
			);
			path = Cells;
			sourceTree = "<group>";
		};
		604FDCE5283898A80009386D /* Views */ = {
			isa = PBXGroup;
			children = (
				604FDCE6283898B70009386D /* Controllers */,
				604FDCE0283896800009386D /* Cells */,
			);
			path = Views;
			sourceTree = "<group>";
		};
		604FDCE6283898B70009386D /* Controllers */ = {
			isa = PBXGroup;
			children = (
				604FDCEA2838990E0009386D /* Main */,
			);
			path = Controllers;
			sourceTree = "<group>";
		};
		604FDCE7283898E00009386D /* LaunchScreen */ = {
			isa = PBXGroup;
			children = (
				604FDCB22837C10E0009386D /* LaunchScreen.storyboard */,
			);
			path = LaunchScreen;
			sourceTree = "<group>";
		};
		604FDCE8283898ED0009386D /* AppDelegate */ = {
			isa = PBXGroup;
			children = (
				604FDCA72837C10A0009386D /* AppDelegate.swift */,
				604FDCA92837C10A0009386D /* SceneDelegate.swift */,
			);
			path = AppDelegate;
			sourceTree = "<group>";
		};
		604FDCE9283898FD0009386D /* Managers */ = {
			isa = PBXGroup;
			children = (
				604FDCD8283892600009386D /* CloudDataManager.swift */,
				60E9176928393A58004B9C41 /* AlertProvider.swift */,
				60E9178A2839DC72004B9C41 /* Handlers.swift */,
				60E9178C2839DCAE004B9C41 /* Constant.swift */,
				60E917A72839E158004B9C41 /* AppUserDefault.swift */,
			);
			path = Managers;
			sourceTree = "<group>";
		};
		604FDCEA2838990E0009386D /* Main */ = {
			isa = PBXGroup;
			children = (
				604FDCAD2837C10A0009386D /* Main.storyboard */,
				604FDCAB2837C10A0009386D /* AthletesiCloudViewController.swift */,
				60E9176528392BB0004B9C41 /* AttachmentsiCloudViewController.swift */,
				60E9176628392BB0004B9C41 /* AthletesGoogleDriveViewController.swift */,
				604FDCDA283893FE0009386D /* AttachmentsGoogleDriveViewController.swift */,
				60E9176E2839D2AD004B9C41 /* AthletesFirebaseViewController.swift */,
				60E9176D2839D2AC004B9C41 /* AttachmentsFirebaseViewController.swift */,
			);
			path = Main;
			sourceTree = "<group>";
		};
		60E917712839D4FA004B9C41 /* FirebaseServices */ = {
			isa = PBXGroup;
			children = (
				60E917722839D4FA004B9C41 /* Source */,
				60E917792839D4FA004B9C41 /* Models */,
			);
			path = FirebaseServices;
			sourceTree = "<group>";
		};
		60E917722839D4FA004B9C41 /* Source */ = {
			isa = PBXGroup;
			children = (
				60E917782839D4FA004B9C41 /* FirebaseService.swift */,
				60E917762839D4FA004B9C41 /* PushNotificationSender.swift */,
			);
			path = Source;
			sourceTree = "<group>";
		};
		60E917792839D4FA004B9C41 /* Models */ = {
			isa = PBXGroup;
			children = (
				60E9177A2839D4FA004B9C41 /* Conversation.swift */,
			);
			path = Models;
			sourceTree = "<group>";
		};
		60E9178E2839DF05004B9C41 /* Networking */ = {
			isa = PBXGroup;
			children = (
				60E917982839DF05004B9C41 /* APIService.swift */,
				60E917992839DF05004B9C41 /* NetworkActivityIndicatorManager.swift */,
				60E9179A2839DF05004B9C41 /* Reachability.swift */,
				60E9179B2839DF05004B9C41 /* DataRequest.swift */,
				60E9178F2839DF05004B9C41 /* APIs */,
				60E917922839DF05004B9C41 /* ResponseModels */,
			);
			path = Networking;
			sourceTree = "<group>";
		};
		60E9178F2839DF05004B9C41 /* APIs */ = {
			isa = PBXGroup;
			children = (
				60E917902839DF05004B9C41 /* APIClient.swift */,
				60E917972839DF05004B9C41 /* PushNotificationsAPI.swift */,
			);
			path = APIs;
			sourceTree = "<group>";
		};
		60E917922839DF05004B9C41 /* ResponseModels */ = {
			isa = PBXGroup;
			children = (
				60E917942839DF05004B9C41 /* ErrorResponse.swift */,
				60E917A92839E1B3004B9C41 /* ChatMessageResponse.swift */,
			);
			path = ResponseModels;
			sourceTree = "<group>";
		};
		99C56C1666D270AB9C6A3C00 /* Frameworks */ = {
			isa = PBXGroup;
			children = (
				604FDCEC2838A4350009386D /* CloudKit.framework */,
				D45DD60C42192C352C0BE09E /* Pods_ReadiCloudStorage.framework */,
				AB91C6008F40C3999C4D7985 /* Pods_ReadiCloudStorage_ReadiCloudStorageUITests.framework */,
				DABEC1D7F8A28EB7C5F4228E /* Pods_ReadiCloudStorageTests.framework */,
			);
			name = Frameworks;
			sourceTree = "<group>";
		};
		CC2EDB0F6200D5293BA17962 /* Pods */ = {
			isa = PBXGroup;
			children = (
				0A1EE331AECDD72CDA3D231B /* Pods-ReadiCloudStorage.debug.xcconfig */,
				BABBF7A5D0DC2E28A75B108C /* Pods-ReadiCloudStorage.release.xcconfig */,
				A8F78EDEFBD02A1033EF9A2E /* Pods-ReadiCloudStorage-ReadiCloudStorageUITests.debug.xcconfig */,
				531A3C7A2F9FCE1B08B6B627 /* Pods-ReadiCloudStorage-ReadiCloudStorageUITests.release.xcconfig */,
				319326B74EB7EAF30916409C /* Pods-ReadiCloudStorageTests.debug.xcconfig */,
				FDA316AF8EA8A90A0A944DBC /* Pods-ReadiCloudStorageTests.release.xcconfig */,
			);
			path = Pods;
			sourceTree = "<group>";
		};
/* End PBXGroup section */

/* Begin PBXNativeTarget section */
		604FDCA32837C10A0009386D /* ReadiCloudStorage */ = {
			isa = PBXNativeTarget;
			buildConfigurationList = 604FDCCE2837C10F0009386D /* Build configuration list for PBXNativeTarget "ReadiCloudStorage" */;
			buildPhases = (
				45BDE186621DA3D647E849E8 /* [CP] Check Pods Manifest.lock */,
				604FDCA02837C10A0009386D /* Sources */,
				604FDCA12837C10A0009386D /* Frameworks */,
				604FDCA22837C10A0009386D /* Resources */,
				01A4984365641184F1E96126 /* [CP] Embed Pods Frameworks */,
				D468614D151871096102AC71 /* [CP] Copy Pods Resources */,
			);
			buildRules = (
			);
			dependencies = (
			);
			name = ReadiCloudStorage;
			productName = ReadiCloudStorage;
			productReference = 604FDCA42837C10A0009386D /* ReadiCloudStorage.app */;
			productType = "com.apple.product-type.application";
		};
		604FDCB92837C10E0009386D /* ReadiCloudStorageTests */ = {
			isa = PBXNativeTarget;
			buildConfigurationList = 604FDCD12837C10F0009386D /* Build configuration list for PBXNativeTarget "ReadiCloudStorageTests" */;
			buildPhases = (
				E8FE0830A27978135D418E75 /* [CP] Check Pods Manifest.lock */,
				604FDCB62837C10E0009386D /* Sources */,
				604FDCB72837C10E0009386D /* Frameworks */,
				604FDCB82837C10E0009386D /* Resources */,
			);
			buildRules = (
			);
			dependencies = (
				604FDCBC2837C10E0009386D /* PBXTargetDependency */,
			);
			name = ReadiCloudStorageTests;
			productName = ReadiCloudStorageTests;
			productReference = 604FDCBA2837C10E0009386D /* ReadiCloudStorageTests.xctest */;
			productType = "com.apple.product-type.bundle.unit-test";
		};
		604FDCC32837C10E0009386D /* ReadiCloudStorageUITests */ = {
			isa = PBXNativeTarget;
			buildConfigurationList = 604FDCD42837C10F0009386D /* Build configuration list for PBXNativeTarget "ReadiCloudStorageUITests" */;
			buildPhases = (
				80C071103DE061B78A2FFC25 /* [CP] Check Pods Manifest.lock */,
				604FDCC02837C10E0009386D /* Sources */,
				604FDCC12837C10E0009386D /* Frameworks */,
				604FDCC22837C10E0009386D /* Resources */,
				DE6370D38555F44CBD52D603 /* [CP] Embed Pods Frameworks */,
				6F9C8BAC2F3EB0A2C7A70927 /* [CP] Copy Pods Resources */,
			);
			buildRules = (
			);
			dependencies = (
				604FDCC62837C10E0009386D /* PBXTargetDependency */,
			);
			name = ReadiCloudStorageUITests;
			productName = ReadiCloudStorageUITests;
			productReference = 604FDCC42837C10E0009386D /* ReadiCloudStorageUITests.xctest */;
			productType = "com.apple.product-type.bundle.ui-testing";
		};
/* End PBXNativeTarget section */

/* Begin PBXProject section */
		604FDC9C2837C10A0009386D /* Project object */ = {
			isa = PBXProject;
			attributes = {
				BuildIndependentTargetsInParallel = 1;
				LastSwiftUpdateCheck = 1310;
				LastUpgradeCheck = 1310;
				TargetAttributes = {
					604FDCA32837C10A0009386D = {
						CreatedOnToolsVersion = 13.1;
					};
					604FDCB92837C10E0009386D = {
						CreatedOnToolsVersion = 13.1;
						TestTargetID = 604FDCA32837C10A0009386D;
					};
					604FDCC32837C10E0009386D = {
						CreatedOnToolsVersion = 13.1;
						TestTargetID = 604FDCA32837C10A0009386D;
					};
				};
			};
			buildConfigurationList = 604FDC9F2837C10A0009386D /* Build configuration list for PBXProject "ReadiCloudStorage" */;
			compatibilityVersion = "Xcode 13.0";
			developmentRegion = en;
			hasScannedForEncodings = 0;
			knownRegions = (
				en,
				Base,
			);
			mainGroup = 604FDC9B2837C10A0009386D;
			productRefGroup = 604FDCA52837C10A0009386D /* Products */;
			projectDirPath = "";
			projectRoot = "";
			targets = (
				604FDCA32837C10A0009386D /* ReadiCloudStorage */,
				604FDCB92837C10E0009386D /* ReadiCloudStorageTests */,
				604FDCC32837C10E0009386D /* ReadiCloudStorageUITests */,
			);
		};
/* End PBXProject section */

/* Begin PBXResourcesBuildPhase section */
		604FDCA22837C10A0009386D /* Resources */ = {
			isa = PBXResourcesBuildPhase;
			buildActionMask = 2147483647;
			files = (
				604FDCB42837C10E0009386D /* LaunchScreen.storyboard in Resources */,
				604FDCB12837C10E0009386D /* Assets.xcassets in Resources */,
				60E9176C28395F73004B9C41 /* client_439461828423-pq7lpqi1esuk8oj6aa8l2uf5mghcf9td.apps.googleusercontent.com.plist in Resources */,
				604FDCE4283896A80009386D /* AttachmentCVCell.xib in Resources */,
				604FDCDF283896780009386D /* PersonCVCell.xib in Resources */,
				604FDCAF2837C10A0009386D /* Main.storyboard in Resources */,
				60E917872839D7F6004B9C41 /* GoogleService-Info.plist in Resources */,
			);
			runOnlyForDeploymentPostprocessing = 0;
		};
		604FDCB82837C10E0009386D /* Resources */ = {
			isa = PBXResourcesBuildPhase;
			buildActionMask = 2147483647;
			files = (
			);
			runOnlyForDeploymentPostprocessing = 0;
		};
		604FDCC22837C10E0009386D /* Resources */ = {
			isa = PBXResourcesBuildPhase;
			buildActionMask = 2147483647;
			files = (
			);
			runOnlyForDeploymentPostprocessing = 0;
		};
/* End PBXResourcesBuildPhase section */

/* Begin PBXShellScriptBuildPhase section */
		01A4984365641184F1E96126 /* [CP] Embed Pods Frameworks */ = {
			isa = PBXShellScriptBuildPhase;
			buildActionMask = 2147483647;
			files = (
			);
			inputFileListPaths = (
				"${PODS_ROOT}/Target Support Files/Pods-ReadiCloudStorage/Pods-ReadiCloudStorage-frameworks-${CONFIGURATION}-input-files.xcfilelist",
			);
			name = "[CP] Embed Pods Frameworks";
			outputFileListPaths = (
				"${PODS_ROOT}/Target Support Files/Pods-ReadiCloudStorage/Pods-ReadiCloudStorage-frameworks-${CONFIGURATION}-output-files.xcfilelist",
			);
			runOnlyForDeploymentPostprocessing = 0;
			shellPath = /bin/sh;
			shellScript = "\"${PODS_ROOT}/Target Support Files/Pods-ReadiCloudStorage/Pods-ReadiCloudStorage-frameworks.sh\"\n";
			showEnvVarsInLog = 0;
		};
		45BDE186621DA3D647E849E8 /* [CP] Check Pods Manifest.lock */ = {
			isa = PBXShellScriptBuildPhase;
			buildActionMask = 2147483647;
			files = (
			);
			inputFileListPaths = (
			);
			inputPaths = (
				"${PODS_PODFILE_DIR_PATH}/Podfile.lock",
				"${PODS_ROOT}/Manifest.lock",
			);
			name = "[CP] Check Pods Manifest.lock";
			outputFileListPaths = (
			);
			outputPaths = (
				"$(DERIVED_FILE_DIR)/Pods-ReadiCloudStorage-checkManifestLockResult.txt",
			);
			runOnlyForDeploymentPostprocessing = 0;
			shellPath = /bin/sh;
			shellScript = "diff \"${PODS_PODFILE_DIR_PATH}/Podfile.lock\" \"${PODS_ROOT}/Manifest.lock\" > /dev/null\nif [ $? != 0 ] ; then\n    # print error to STDERR\n    echo \"error: The sandbox is not in sync with the Podfile.lock. Run 'pod install' or update your CocoaPods installation.\" >&2\n    exit 1\nfi\n# This output is used by Xcode 'outputs' to avoid re-running this script phase.\necho \"SUCCESS\" > \"${SCRIPT_OUTPUT_FILE_0}\"\n";
			showEnvVarsInLog = 0;
		};
		6F9C8BAC2F3EB0A2C7A70927 /* [CP] Copy Pods Resources */ = {
			isa = PBXShellScriptBuildPhase;
			buildActionMask = 2147483647;
			files = (
			);
			inputFileListPaths = (
				"${PODS_ROOT}/Target Support Files/Pods-ReadiCloudStorage-ReadiCloudStorageUITests/Pods-ReadiCloudStorage-ReadiCloudStorageUITests-resources-${CONFIGURATION}-input-files.xcfilelist",
			);
			name = "[CP] Copy Pods Resources";
			outputFileListPaths = (
				"${PODS_ROOT}/Target Support Files/Pods-ReadiCloudStorage-ReadiCloudStorageUITests/Pods-ReadiCloudStorage-ReadiCloudStorageUITests-resources-${CONFIGURATION}-output-files.xcfilelist",
			);
			runOnlyForDeploymentPostprocessing = 0;
			shellPath = /bin/sh;
			shellScript = "\"${PODS_ROOT}/Target Support Files/Pods-ReadiCloudStorage-ReadiCloudStorageUITests/Pods-ReadiCloudStorage-ReadiCloudStorageUITests-resources.sh\"\n";
			showEnvVarsInLog = 0;
		};
		80C071103DE061B78A2FFC25 /* [CP] Check Pods Manifest.lock */ = {
			isa = PBXShellScriptBuildPhase;
			buildActionMask = 2147483647;
			files = (
			);
			inputFileListPaths = (
			);
			inputPaths = (
				"${PODS_PODFILE_DIR_PATH}/Podfile.lock",
				"${PODS_ROOT}/Manifest.lock",
			);
			name = "[CP] Check Pods Manifest.lock";
			outputFileListPaths = (
			);
			outputPaths = (
				"$(DERIVED_FILE_DIR)/Pods-ReadiCloudStorage-ReadiCloudStorageUITests-checkManifestLockResult.txt",
			);
			runOnlyForDeploymentPostprocessing = 0;
			shellPath = /bin/sh;
			shellScript = "diff \"${PODS_PODFILE_DIR_PATH}/Podfile.lock\" \"${PODS_ROOT}/Manifest.lock\" > /dev/null\nif [ $? != 0 ] ; then\n    # print error to STDERR\n    echo \"error: The sandbox is not in sync with the Podfile.lock. Run 'pod install' or update your CocoaPods installation.\" >&2\n    exit 1\nfi\n# This output is used by Xcode 'outputs' to avoid re-running this script phase.\necho \"SUCCESS\" > \"${SCRIPT_OUTPUT_FILE_0}\"\n";
			showEnvVarsInLog = 0;
		};
		D468614D151871096102AC71 /* [CP] Copy Pods Resources */ = {
			isa = PBXShellScriptBuildPhase;
			buildActionMask = 2147483647;
			files = (
			);
			inputFileListPaths = (
				"${PODS_ROOT}/Target Support Files/Pods-ReadiCloudStorage/Pods-ReadiCloudStorage-resources-${CONFIGURATION}-input-files.xcfilelist",
			);
			name = "[CP] Copy Pods Resources";
			outputFileListPaths = (
				"${PODS_ROOT}/Target Support Files/Pods-ReadiCloudStorage/Pods-ReadiCloudStorage-resources-${CONFIGURATION}-output-files.xcfilelist",
			);
			runOnlyForDeploymentPostprocessing = 0;
			shellPath = /bin/sh;
			shellScript = "\"${PODS_ROOT}/Target Support Files/Pods-ReadiCloudStorage/Pods-ReadiCloudStorage-resources.sh\"\n";
			showEnvVarsInLog = 0;
		};
		DE6370D38555F44CBD52D603 /* [CP] Embed Pods Frameworks */ = {
			isa = PBXShellScriptBuildPhase;
			buildActionMask = 2147483647;
			files = (
			);
			inputFileListPaths = (
				"${PODS_ROOT}/Target Support Files/Pods-ReadiCloudStorage-ReadiCloudStorageUITests/Pods-ReadiCloudStorage-ReadiCloudStorageUITests-frameworks-${CONFIGURATION}-input-files.xcfilelist",
			);
			name = "[CP] Embed Pods Frameworks";
			outputFileListPaths = (
				"${PODS_ROOT}/Target Support Files/Pods-ReadiCloudStorage-ReadiCloudStorageUITests/Pods-ReadiCloudStorage-ReadiCloudStorageUITests-frameworks-${CONFIGURATION}-output-files.xcfilelist",
			);
			runOnlyForDeploymentPostprocessing = 0;
			shellPath = /bin/sh;
			shellScript = "\"${PODS_ROOT}/Target Support Files/Pods-ReadiCloudStorage-ReadiCloudStorageUITests/Pods-ReadiCloudStorage-ReadiCloudStorageUITests-frameworks.sh\"\n";
			showEnvVarsInLog = 0;
		};
		E8FE0830A27978135D418E75 /* [CP] Check Pods Manifest.lock */ = {
			isa = PBXShellScriptBuildPhase;
			buildActionMask = 2147483647;
			files = (
			);
			inputFileListPaths = (
			);
			inputPaths = (
				"${PODS_PODFILE_DIR_PATH}/Podfile.lock",
				"${PODS_ROOT}/Manifest.lock",
			);
			name = "[CP] Check Pods Manifest.lock";
			outputFileListPaths = (
			);
			outputPaths = (
				"$(DERIVED_FILE_DIR)/Pods-ReadiCloudStorageTests-checkManifestLockResult.txt",
			);
			runOnlyForDeploymentPostprocessing = 0;
			shellPath = /bin/sh;
			shellScript = "diff \"${PODS_PODFILE_DIR_PATH}/Podfile.lock\" \"${PODS_ROOT}/Manifest.lock\" > /dev/null\nif [ $? != 0 ] ; then\n    # print error to STDERR\n    echo \"error: The sandbox is not in sync with the Podfile.lock. Run 'pod install' or update your CocoaPods installation.\" >&2\n    exit 1\nfi\n# This output is used by Xcode 'outputs' to avoid re-running this script phase.\necho \"SUCCESS\" > \"${SCRIPT_OUTPUT_FILE_0}\"\n";
			showEnvVarsInLog = 0;
		};
/* End PBXShellScriptBuildPhase section */

/* Begin PBXSourcesBuildPhase section */
		604FDCA02837C10A0009386D /* Sources */ = {
			isa = PBXSourcesBuildPhase;
			buildActionMask = 2147483647;
			files = (
				604FDCE3283896A80009386D /* AttachmentCVCell.swift in Sources */,
				05D96E5428B4F64A00EF2DE9 /* FileManagerExtensions.swift in Sources */,
				60E917A42839E026004B9C41 /* APIService.swift in Sources */,
				60E917892839D856004B9C41 /* PushNotificationSender.swift in Sources */,
				60E917A82839E158004B9C41 /* AppUserDefault.swift in Sources */,
				60E917A52839E026004B9C41 /* NetworkActivityIndicatorManager.swift in Sources */,
				60E9179E2839E026004B9C41 /* Reachability.swift in Sources */,
				60E9179F2839E026004B9C41 /* APIClient.swift in Sources */,
				604FDCAC2837C10A0009386D /* AthletesiCloudViewController.swift in Sources */,
				60E917AA2839E1B3004B9C41 /* ChatMessageResponse.swift in Sources */,
				60E917A62839E026004B9C41 /* DataRequest.swift in Sources */,
				60E9178D2839DCAE004B9C41 /* Constant.swift in Sources */,
				60E9176F2839D2AD004B9C41 /* AthletesFirebaseViewController.swift in Sources */,
				604FDCD9283892600009386D /* CloudDataManager.swift in Sources */,
				60E9176728392BB0004B9C41 /* AttachmentsiCloudViewController.swift in Sources */,
				60E9176828392BB0004B9C41 /* AthletesGoogleDriveViewController.swift in Sources */,
				604FDCA82837C10A0009386D /* AppDelegate.swift in Sources */,
				60E917882839D852004B9C41 /* FirebaseService.swift in Sources */,
				604FDCDB283893FE0009386D /* AttachmentsGoogleDriveViewController.swift in Sources */,
				60E917A32839E026004B9C41 /* ErrorResponse.swift in Sources */,
				60E9179C2839DFFB004B9C41 /* Conversation.swift in Sources */,
				604FDCDE283896780009386D /* PersonCVCell.swift in Sources */,
				05929EB928B4C7AC00DF5750 /* StringExtensions.swift in Sources */,
				60E9178B2839DC72004B9C41 /* Handlers.swift in Sources */,
				604FDCAA2837C10A0009386D /* SceneDelegate.swift in Sources */,
				60E9176A28393A58004B9C41 /* AlertProvider.swift in Sources */,
				60E917702839D2AD004B9C41 /* AttachmentsFirebaseViewController.swift in Sources */,
				60E9179D2839E026004B9C41 /* PushNotificationsAPI.swift in Sources */,
			);
			runOnlyForDeploymentPostprocessing = 0;
		};
		604FDCB62837C10E0009386D /* Sources */ = {
			isa = PBXSourcesBuildPhase;
			buildActionMask = 2147483647;
			files = (
				604FDCBF2837C10E0009386D /* ReadiCloudStorageTests.swift in Sources */,
			);
			runOnlyForDeploymentPostprocessing = 0;
		};
		604FDCC02837C10E0009386D /* Sources */ = {
			isa = PBXSourcesBuildPhase;
			buildActionMask = 2147483647;
			files = (
				604FDCCB2837C10F0009386D /* ReadiCloudStorageUITestsLaunchTests.swift in Sources */,
				604FDCC92837C10E0009386D /* ReadiCloudStorageUITests.swift in Sources */,
			);
			runOnlyForDeploymentPostprocessing = 0;
		};
/* End PBXSourcesBuildPhase section */

/* Begin PBXTargetDependency section */
		604FDCBC2837C10E0009386D /* PBXTargetDependency */ = {
			isa = PBXTargetDependency;
			target = 604FDCA32837C10A0009386D /* ReadiCloudStorage */;
			targetProxy = 604FDCBB2837C10E0009386D /* PBXContainerItemProxy */;
		};
		604FDCC62837C10E0009386D /* PBXTargetDependency */ = {
			isa = PBXTargetDependency;
			target = 604FDCA32837C10A0009386D /* ReadiCloudStorage */;
			targetProxy = 604FDCC52837C10E0009386D /* PBXContainerItemProxy */;
		};
/* End PBXTargetDependency section */

/* Begin PBXVariantGroup section */
		604FDCAD2837C10A0009386D /* Main.storyboard */ = {
			isa = PBXVariantGroup;
			children = (
				604FDCAE2837C10A0009386D /* Base */,
			);
			name = Main.storyboard;
			sourceTree = "<group>";
		};
		604FDCB22837C10E0009386D /* LaunchScreen.storyboard */ = {
			isa = PBXVariantGroup;
			children = (
				604FDCB32837C10E0009386D /* Base */,
			);
			name = LaunchScreen.storyboard;
			sourceTree = "<group>";
		};
/* End PBXVariantGroup section */

/* Begin XCBuildConfiguration section */
		604FDCCC2837C10F0009386D /* Debug */ = {
			isa = XCBuildConfiguration;
			buildSettings = {
				ALWAYS_SEARCH_USER_PATHS = NO;
				"ARCHS[sdk=iphonesimulator*]" = "$(ARCHS_STANDARD)";
				CLANG_ANALYZER_NONNULL = YES;
				CLANG_ANALYZER_NUMBER_OBJECT_CONVERSION = YES_AGGRESSIVE;
				CLANG_CXX_LANGUAGE_STANDARD = "gnu++17";
				CLANG_CXX_LIBRARY = "libc++";
				CLANG_ENABLE_MODULES = YES;
				CLANG_ENABLE_OBJC_ARC = YES;
				CLANG_ENABLE_OBJC_WEAK = YES;
				CLANG_WARN_BLOCK_CAPTURE_AUTORELEASING = YES;
				CLANG_WARN_BOOL_CONVERSION = YES;
				CLANG_WARN_COMMA = YES;
				CLANG_WARN_CONSTANT_CONVERSION = YES;
				CLANG_WARN_DEPRECATED_OBJC_IMPLEMENTATIONS = YES;
				CLANG_WARN_DIRECT_OBJC_ISA_USAGE = YES_ERROR;
				CLANG_WARN_DOCUMENTATION_COMMENTS = YES;
				CLANG_WARN_EMPTY_BODY = YES;
				CLANG_WARN_ENUM_CONVERSION = YES;
				CLANG_WARN_INFINITE_RECURSION = YES;
				CLANG_WARN_INT_CONVERSION = YES;
				CLANG_WARN_NON_LITERAL_NULL_CONVERSION = YES;
				CLANG_WARN_OBJC_IMPLICIT_RETAIN_SELF = YES;
				CLANG_WARN_OBJC_LITERAL_CONVERSION = YES;
				CLANG_WARN_OBJC_ROOT_CLASS = YES_ERROR;
				CLANG_WARN_QUOTED_INCLUDE_IN_FRAMEWORK_HEADER = YES;
				CLANG_WARN_RANGE_LOOP_ANALYSIS = YES;
				CLANG_WARN_STRICT_PROTOTYPES = YES;
				CLANG_WARN_SUSPICIOUS_MOVE = YES;
				CLANG_WARN_UNGUARDED_AVAILABILITY = YES_AGGRESSIVE;
				CLANG_WARN_UNREACHABLE_CODE = YES;
				CLANG_WARN__DUPLICATE_METHOD_MATCH = YES;
				COPY_PHASE_STRIP = NO;
				DEBUG_INFORMATION_FORMAT = dwarf;
				ENABLE_STRICT_OBJC_MSGSEND = YES;
				ENABLE_TESTABILITY = YES;
				EXCLUDED_ARCHS = arm64;
				GCC_C_LANGUAGE_STANDARD = gnu11;
				GCC_DYNAMIC_NO_PIC = NO;
				GCC_NO_COMMON_BLOCKS = YES;
				GCC_OPTIMIZATION_LEVEL = 0;
				GCC_PREPROCESSOR_DEFINITIONS = (
					"DEBUG=1",
					"$(inherited)",
				);
				GCC_WARN_64_TO_32_BIT_CONVERSION = YES;
				GCC_WARN_ABOUT_RETURN_TYPE = YES_ERROR;
				GCC_WARN_UNDECLARED_SELECTOR = YES;
				GCC_WARN_UNINITIALIZED_AUTOS = YES_AGGRESSIVE;
				GCC_WARN_UNUSED_FUNCTION = YES;
				GCC_WARN_UNUSED_VARIABLE = YES;
				IPHONEOS_DEPLOYMENT_TARGET = 13.0;
				MTL_ENABLE_DEBUG_INFO = INCLUDE_SOURCE;
				MTL_FAST_MATH = YES;
				ONLY_ACTIVE_ARCH = YES;
				SDKROOT = iphoneos;
				SWIFT_ACTIVE_COMPILATION_CONDITIONS = DEBUG;
				SWIFT_OPTIMIZATION_LEVEL = "-Onone";
			};
			name = Debug;
		};
		604FDCCD2837C10F0009386D /* Release */ = {
			isa = XCBuildConfiguration;
			buildSettings = {
				ALWAYS_SEARCH_USER_PATHS = NO;
				"ARCHS[sdk=iphonesimulator*]" = "$(ARCHS_STANDARD)";
				CLANG_ANALYZER_NONNULL = YES;
				CLANG_ANALYZER_NUMBER_OBJECT_CONVERSION = YES_AGGRESSIVE;
				CLANG_CXX_LANGUAGE_STANDARD = "gnu++17";
				CLANG_CXX_LIBRARY = "libc++";
				CLANG_ENABLE_MODULES = YES;
				CLANG_ENABLE_OBJC_ARC = YES;
				CLANG_ENABLE_OBJC_WEAK = YES;
				CLANG_WARN_BLOCK_CAPTURE_AUTORELEASING = YES;
				CLANG_WARN_BOOL_CONVERSION = YES;
				CLANG_WARN_COMMA = YES;
				CLANG_WARN_CONSTANT_CONVERSION = YES;
				CLANG_WARN_DEPRECATED_OBJC_IMPLEMENTATIONS = YES;
				CLANG_WARN_DIRECT_OBJC_ISA_USAGE = YES_ERROR;
				CLANG_WARN_DOCUMENTATION_COMMENTS = YES;
				CLANG_WARN_EMPTY_BODY = YES;
				CLANG_WARN_ENUM_CONVERSION = YES;
				CLANG_WARN_INFINITE_RECURSION = YES;
				CLANG_WARN_INT_CONVERSION = YES;
				CLANG_WARN_NON_LITERAL_NULL_CONVERSION = YES;
				CLANG_WARN_OBJC_IMPLICIT_RETAIN_SELF = YES;
				CLANG_WARN_OBJC_LITERAL_CONVERSION = YES;
				CLANG_WARN_OBJC_ROOT_CLASS = YES_ERROR;
				CLANG_WARN_QUOTED_INCLUDE_IN_FRAMEWORK_HEADER = YES;
				CLANG_WARN_RANGE_LOOP_ANALYSIS = YES;
				CLANG_WARN_STRICT_PROTOTYPES = YES;
				CLANG_WARN_SUSPICIOUS_MOVE = YES;
				CLANG_WARN_UNGUARDED_AVAILABILITY = YES_AGGRESSIVE;
				CLANG_WARN_UNREACHABLE_CODE = YES;
				CLANG_WARN__DUPLICATE_METHOD_MATCH = YES;
				COPY_PHASE_STRIP = NO;
				DEBUG_INFORMATION_FORMAT = "dwarf-with-dsym";
				ENABLE_NS_ASSERTIONS = NO;
				ENABLE_STRICT_OBJC_MSGSEND = YES;
				EXCLUDED_ARCHS = arm64;
				GCC_C_LANGUAGE_STANDARD = gnu11;
				GCC_NO_COMMON_BLOCKS = YES;
				GCC_WARN_64_TO_32_BIT_CONVERSION = YES;
				GCC_WARN_ABOUT_RETURN_TYPE = YES_ERROR;
				GCC_WARN_UNDECLARED_SELECTOR = YES;
				GCC_WARN_UNINITIALIZED_AUTOS = YES_AGGRESSIVE;
				GCC_WARN_UNUSED_FUNCTION = YES;
				GCC_WARN_UNUSED_VARIABLE = YES;
				IPHONEOS_DEPLOYMENT_TARGET = 13.0;
				MTL_ENABLE_DEBUG_INFO = NO;
				MTL_FAST_MATH = YES;
				SDKROOT = iphoneos;
				SWIFT_COMPILATION_MODE = wholemodule;
				SWIFT_OPTIMIZATION_LEVEL = "-O";
				VALIDATE_PRODUCT = YES;
			};
			name = Release;
		};
		604FDCCF2837C10F0009386D /* Debug */ = {
			isa = XCBuildConfiguration;
			baseConfigurationReference = 0A1EE331AECDD72CDA3D231B /* Pods-ReadiCloudStorage.debug.xcconfig */;
			buildSettings = {
				"ARCHS[sdk=iphonesimulator*]" = "$(ARCHS_STANDARD)";
				ASSETCATALOG_COMPILER_APPICON_NAME = AppIcon;
				ASSETCATALOG_COMPILER_GLOBAL_ACCENT_COLOR_NAME = AccentColor;
				CODE_SIGN_ENTITLEMENTS = ReadiCloudStorage/ReadiCloudStorage.entitlements;
				CODE_SIGN_STYLE = Automatic;
				CURRENT_PROJECT_VERSION = 1;
				DEVELOPMENT_TEAM = UCEAWF9J36;
				EXCLUDED_ARCHS = "";
				GENERATE_INFOPLIST_FILE = YES;
				INFOPLIST_FILE = ReadiCloudStorage/Info.plist;
				INFOPLIST_KEY_LSSupportsOpeningDocumentsInPlace = YES;
				INFOPLIST_KEY_UIApplicationSupportsIndirectInputEvents = YES;
				INFOPLIST_KEY_UILaunchStoryboardName = LaunchScreen;
				INFOPLIST_KEY_UIMainStoryboardFile = Main;
				INFOPLIST_KEY_UISupportedInterfaceOrientations = UIInterfaceOrientationPortrait;
				INFOPLIST_KEY_UISupportedInterfaceOrientations_iPad = "UIInterfaceOrientationPortrait UIInterfaceOrientationPortraitUpsideDown UIInterfaceOrientationLandscapeLeft UIInterfaceOrientationLandscapeRight";
				INFOPLIST_KEY_UISupportedInterfaceOrientations_iPhone = "UIInterfaceOrientationPortrait UIInterfaceOrientationLandscapeLeft UIInterfaceOrientationLandscapeRight";
				LD_RUNPATH_SEARCH_PATHS = (
					"$(inherited)",
					"@executable_path/Frameworks",
				);
				MARKETING_VERSION = 1.0;
				PRODUCT_BUNDLE_IDENTIFIER = com.eyepax.ReadiCloudStorage;
				PRODUCT_NAME = "$(TARGET_NAME)";
				SWIFT_EMIT_LOC_STRINGS = YES;
				SWIFT_VERSION = 5.0;
				TARGETED_DEVICE_FAMILY = 1;
			};
			name = Debug;
		};
		604FDCD02837C10F0009386D /* Release */ = {
			isa = XCBuildConfiguration;
			baseConfigurationReference = BABBF7A5D0DC2E28A75B108C /* Pods-ReadiCloudStorage.release.xcconfig */;
			buildSettings = {
				"ARCHS[sdk=iphonesimulator*]" = "$(ARCHS_STANDARD)";
				ASSETCATALOG_COMPILER_APPICON_NAME = AppIcon;
				ASSETCATALOG_COMPILER_GLOBAL_ACCENT_COLOR_NAME = AccentColor;
				CODE_SIGN_ENTITLEMENTS = ReadiCloudStorage/ReadiCloudStorage.entitlements;
				CODE_SIGN_STYLE = Automatic;
				CURRENT_PROJECT_VERSION = 1;
				DEVELOPMENT_TEAM = UCEAWF9J36;
				EXCLUDED_ARCHS = "";
				GENERATE_INFOPLIST_FILE = YES;
				INFOPLIST_FILE = ReadiCloudStorage/Info.plist;
				INFOPLIST_KEY_LSSupportsOpeningDocumentsInPlace = YES;
				INFOPLIST_KEY_UIApplicationSupportsIndirectInputEvents = YES;
				INFOPLIST_KEY_UILaunchStoryboardName = LaunchScreen;
				INFOPLIST_KEY_UIMainStoryboardFile = Main;
				INFOPLIST_KEY_UISupportedInterfaceOrientations = UIInterfaceOrientationPortrait;
				INFOPLIST_KEY_UISupportedInterfaceOrientations_iPad = "UIInterfaceOrientationPortrait UIInterfaceOrientationPortraitUpsideDown UIInterfaceOrientationLandscapeLeft UIInterfaceOrientationLandscapeRight";
				INFOPLIST_KEY_UISupportedInterfaceOrientations_iPhone = "UIInterfaceOrientationPortrait UIInterfaceOrientationLandscapeLeft UIInterfaceOrientationLandscapeRight";
				LD_RUNPATH_SEARCH_PATHS = (
					"$(inherited)",
					"@executable_path/Frameworks",
				);
				MARKETING_VERSION = 1.0;
				PRODUCT_BUNDLE_IDENTIFIER = com.eyepax.ReadiCloudStorage;
				PRODUCT_NAME = "$(TARGET_NAME)";
				SWIFT_EMIT_LOC_STRINGS = YES;
				SWIFT_VERSION = 5.0;
				TARGETED_DEVICE_FAMILY = 1;
			};
			name = Release;
		};
		604FDCD22837C10F0009386D /* Debug */ = {
			isa = XCBuildConfiguration;
			baseConfigurationReference = 319326B74EB7EAF30916409C /* Pods-ReadiCloudStorageTests.debug.xcconfig */;
			buildSettings = {
				ALWAYS_EMBED_SWIFT_STANDARD_LIBRARIES = YES;
				BUNDLE_LOADER = "$(TEST_HOST)";
				CODE_SIGN_STYLE = Automatic;
				CURRENT_PROJECT_VERSION = 1;
				DEVELOPMENT_TEAM = M7C27N4V3N;
				GENERATE_INFOPLIST_FILE = YES;
				IPHONEOS_DEPLOYMENT_TARGET = 15.0;
				LD_RUNPATH_SEARCH_PATHS = (
					"$(inherited)",
					"@executable_path/Frameworks",
					"@loader_path/Frameworks",
				);
				MARKETING_VERSION = 1.0;
				PRODUCT_BUNDLE_IDENTIFIER = com.ep.ReadiCloudStorageTests;
				PRODUCT_NAME = "$(TARGET_NAME)";
				SWIFT_EMIT_LOC_STRINGS = NO;
				SWIFT_VERSION = 5.0;
				TARGETED_DEVICE_FAMILY = "1,2";
				TEST_HOST = "$(BUILT_PRODUCTS_DIR)/ReadiCloudStorage.app/ReadiCloudStorage";
			};
			name = Debug;
		};
		604FDCD32837C10F0009386D /* Release */ = {
			isa = XCBuildConfiguration;
			baseConfigurationReference = FDA316AF8EA8A90A0A944DBC /* Pods-ReadiCloudStorageTests.release.xcconfig */;
			buildSettings = {
				ALWAYS_EMBED_SWIFT_STANDARD_LIBRARIES = YES;
				BUNDLE_LOADER = "$(TEST_HOST)";
				CODE_SIGN_STYLE = Automatic;
				CURRENT_PROJECT_VERSION = 1;
				DEVELOPMENT_TEAM = M7C27N4V3N;
				GENERATE_INFOPLIST_FILE = YES;
				IPHONEOS_DEPLOYMENT_TARGET = 15.0;
				LD_RUNPATH_SEARCH_PATHS = (
					"$(inherited)",
					"@executable_path/Frameworks",
					"@loader_path/Frameworks",
				);
				MARKETING_VERSION = 1.0;
				PRODUCT_BUNDLE_IDENTIFIER = com.ep.ReadiCloudStorageTests;
				PRODUCT_NAME = "$(TARGET_NAME)";
				SWIFT_EMIT_LOC_STRINGS = NO;
				SWIFT_VERSION = 5.0;
				TARGETED_DEVICE_FAMILY = "1,2";
				TEST_HOST = "$(BUILT_PRODUCTS_DIR)/ReadiCloudStorage.app/ReadiCloudStorage";
			};
			name = Release;
		};
		604FDCD52837C10F0009386D /* Debug */ = {
			isa = XCBuildConfiguration;
			baseConfigurationReference = A8F78EDEFBD02A1033EF9A2E /* Pods-ReadiCloudStorage-ReadiCloudStorageUITests.debug.xcconfig */;
			buildSettings = {
				ALWAYS_EMBED_SWIFT_STANDARD_LIBRARIES = YES;
				CODE_SIGN_STYLE = Automatic;
				CURRENT_PROJECT_VERSION = 1;
				DEVELOPMENT_TEAM = M7C27N4V3N;
				GENERATE_INFOPLIST_FILE = YES;
				LD_RUNPATH_SEARCH_PATHS = (
					"$(inherited)",
					"@executable_path/Frameworks",
					"@loader_path/Frameworks",
				);
				MARKETING_VERSION = 1.0;
				PRODUCT_BUNDLE_IDENTIFIER = com.ep.ReadiCloudStorageUITests;
				PRODUCT_NAME = "$(TARGET_NAME)";
				SWIFT_EMIT_LOC_STRINGS = NO;
				SWIFT_VERSION = 5.0;
				TARGETED_DEVICE_FAMILY = "1,2";
				TEST_TARGET_NAME = ReadiCloudStorage;
			};
			name = Debug;
		};
		604FDCD62837C10F0009386D /* Release */ = {
			isa = XCBuildConfiguration;
			baseConfigurationReference = 531A3C7A2F9FCE1B08B6B627 /* Pods-ReadiCloudStorage-ReadiCloudStorageUITests.release.xcconfig */;
			buildSettings = {
				ALWAYS_EMBED_SWIFT_STANDARD_LIBRARIES = YES;
				CODE_SIGN_STYLE = Automatic;
				CURRENT_PROJECT_VERSION = 1;
				DEVELOPMENT_TEAM = M7C27N4V3N;
				GENERATE_INFOPLIST_FILE = YES;
				LD_RUNPATH_SEARCH_PATHS = (
					"$(inherited)",
					"@executable_path/Frameworks",
					"@loader_path/Frameworks",
				);
				MARKETING_VERSION = 1.0;
				PRODUCT_BUNDLE_IDENTIFIER = com.ep.ReadiCloudStorageUITests;
				PRODUCT_NAME = "$(TARGET_NAME)";
				SWIFT_EMIT_LOC_STRINGS = NO;
				SWIFT_VERSION = 5.0;
				TARGETED_DEVICE_FAMILY = "1,2";
				TEST_TARGET_NAME = ReadiCloudStorage;
			};
			name = Release;
		};
/* End XCBuildConfiguration section */

/* Begin XCConfigurationList section */
		604FDC9F2837C10A0009386D /* Build configuration list for PBXProject "ReadiCloudStorage" */ = {
			isa = XCConfigurationList;
			buildConfigurations = (
				604FDCCC2837C10F0009386D /* Debug */,
				604FDCCD2837C10F0009386D /* Release */,
			);
			defaultConfigurationIsVisible = 0;
			defaultConfigurationName = Release;
		};
		604FDCCE2837C10F0009386D /* Build configuration list for PBXNativeTarget "ReadiCloudStorage" */ = {
			isa = XCConfigurationList;
			buildConfigurations = (
				604FDCCF2837C10F0009386D /* Debug */,
				604FDCD02837C10F0009386D /* Release */,
			);
			defaultConfigurationIsVisible = 0;
			defaultConfigurationName = Release;
		};
		604FDCD12837C10F0009386D /* Build configuration list for PBXNativeTarget "ReadiCloudStorageTests" */ = {
			isa = XCConfigurationList;
			buildConfigurations = (
				604FDCD22837C10F0009386D /* Debug */,
				604FDCD32837C10F0009386D /* Release */,
			);
			defaultConfigurationIsVisible = 0;
			defaultConfigurationName = Release;
		};
		604FDCD42837C10F0009386D /* Build configuration list for PBXNativeTarget "ReadiCloudStorageUITests" */ = {
			isa = XCConfigurationList;
			buildConfigurations = (
				604FDCD52837C10F0009386D /* Debug */,
				604FDCD62837C10F0009386D /* Release */,
			);
			defaultConfigurationIsVisible = 0;
			defaultConfigurationName = Release;
		};
/* End XCConfigurationList section */
	};
	rootObject = 604FDC9C2837C10A0009386D /* Project object */;
}
